
Microsoft Visual Studio Solution File, Format Version 12.00
# Visual Studio Version 17
VisualStudioVersion = 17.5.33530.505
MinimumVisualStudioVersion = 10.0.40219.1
Project("{FAE04EC0-301F-11D3-BF4B-00C04F79EFBC}") = "C# tutorial 4", "C# tutorial 4\C# tutorial 4.csproj", "{6294CDAB-E8E8-4AFF-A9D2-B26783CE87E4}"
EndProject
Global
	GlobalSection(SolutionConfigurationPlatforms) = preSolution
		Debug|Any CPU = Debug|Any CPU
		Release|Any CPU = Release|Any CPU
	EndGlobalSection
	GlobalSection(ProjectConfigurationPlatforms) = postSolution
		{6294CDAB-E8E8-4AFF-A9D2-B26783CE87E4}.Debug|Any CPU.ActiveCfg = Debug|Any CPU
		{6294CDAB-E8E8-4AFF-A9D2-B26783CE87E4}.Debug|Any CPU.Build.0 = Debug|Any CPU
		{6294CDAB-E8E8-4AFF-A9D2-B26783CE87E4}.Release|Any CPU.ActiveCfg = Release|Any CPU
		{6294CDAB-E8E8-4AFF-A9D2-B26783CE87E4}.Release|Any CPU.Build.0 = Release|Any CPU
	EndGlobalSection
	GlobalSection(SolutionProperties) = preSolution
		HideSolutionNode = FALSE
	EndGlobalSection
	GlobalSection(ExtensibilityGlobals) = postSolution
		SolutionGuid = {12E505DB-9938-4F15-A18A-498166379E1D}
	EndGlobalSection
EndGlobal
