
Microsoft Visual Studio Solution File, Format Version 12.00
# Visual Studio Version 17
VisualStudioVersion = 17.5.33530.505
MinimumVisualStudioVersion = 10.0.40219.1
Project("{FAE04EC0-301F-11D3-BF4B-00C04F79EFBC}") = "C# tutorial 2.5", "C# tutorial 2.5\C# tutorial 2.5.csproj", "{98FE1F79-82C3-442C-A6A1-6D1042ECF40F}"
EndProject
Global
	GlobalSection(SolutionConfigurationPlatforms) = preSolution
		Debug|Any CPU = Debug|Any CPU
		Release|Any CPU = Release|Any CPU
	EndGlobalSection
	GlobalSection(ProjectConfigurationPlatforms) = postSolution
		{98FE1F79-82C3-442C-A6A1-6D1042ECF40F}.Debug|Any CPU.ActiveCfg = Debug|Any CPU
		{98FE1F79-82C3-442C-A6A1-6D1042ECF40F}.Debug|Any CPU.Build.0 = Debug|Any CPU
		{98FE1F79-82C3-442C-A6A1-6D1042ECF40F}.Release|Any CPU.ActiveCfg = Release|Any CPU
		{98FE1F79-82C3-442C-A6A1-6D1042ECF40F}.Release|Any CPU.Build.0 = Release|Any CPU
	EndGlobalSection
	GlobalSection(SolutionProperties) = preSolution
		HideSolutionNode = FALSE
	EndGlobalSection
	GlobalSection(ExtensibilityGlobals) = postSolution
		SolutionGuid = {CE191E1D-DC9A-433E-8083-0487736CCCAC}
	EndGlobalSection
EndGlobal
