
Microsoft Visual Studio Solution File, Format Version 12.00
# Visual Studio Version 17
VisualStudioVersion = 17.5.33530.505
MinimumVisualStudioVersion = 10.0.40219.1
Project("{FAE04EC0-301F-11D3-BF4B-00C04F79EFBC}") = "C# tutorial 3.1", "C# tutorial 3.1\C# tutorial 3.1.csproj", "{8E94165A-7698-4BFA-9E1B-FC3B6001D3EC}"
EndProject
Global
	GlobalSection(SolutionConfigurationPlatforms) = preSolution
		Debug|Any CPU = Debug|Any CPU
		Release|Any CPU = Release|Any CPU
	EndGlobalSection
	GlobalSection(ProjectConfigurationPlatforms) = postSolution
		{8E94165A-7698-4BFA-9E1B-FC3B6001D3EC}.Debug|Any CPU.ActiveCfg = Debug|Any CPU
		{8E94165A-7698-4BFA-9E1B-FC3B6001D3EC}.Debug|Any CPU.Build.0 = Debug|Any CPU
		{8E94165A-7698-4BFA-9E1B-FC3B6001D3EC}.Release|Any CPU.ActiveCfg = Release|Any CPU
		{8E94165A-7698-4BFA-9E1B-FC3B6001D3EC}.Release|Any CPU.Build.0 = Release|Any CPU
	EndGlobalSection
	GlobalSection(SolutionProperties) = preSolution
		HideSolutionNode = FALSE
	EndGlobalSection
	GlobalSection(ExtensibilityGlobals) = postSolution
		SolutionGuid = {C12DEB2C-FD96-4A94-9152-40FCD9B5FBE9}
	EndGlobalSection
EndGlobal
