
Microsoft Visual Studio Solution File, Format Version 12.00
# Visual Studio Version 17
VisualStudioVersion = 17.5.33530.505
MinimumVisualStudioVersion = 10.0.40219.1
Project("{FAE04EC0-301F-11D3-BF4B-00C04F79EFBC}") = "C# tutorial 3", "C# tutorial 3\C# tutorial 3.csproj", "{51BF3B6F-B684-40BC-89DE-8C680E6AEED1}"
EndProject
Global
	GlobalSection(SolutionConfigurationPlatforms) = preSolution
		Debug|Any CPU = Debug|Any CPU
		Release|Any CPU = Release|Any CPU
	EndGlobalSection
	GlobalSection(ProjectConfigurationPlatforms) = postSolution
		{51BF3B6F-B684-40BC-89DE-8C680E6AEED1}.Debug|Any CPU.ActiveCfg = Debug|Any CPU
		{51BF3B6F-B684-40BC-89DE-8C680E6AEED1}.Debug|Any CPU.Build.0 = Debug|Any CPU
		{51BF3B6F-B684-40BC-89DE-8C680E6AEED1}.Release|Any CPU.ActiveCfg = Release|Any CPU
		{51BF3B6F-B684-40BC-89DE-8C680E6AEED1}.Release|Any CPU.Build.0 = Release|Any CPU
	EndGlobalSection
	GlobalSection(SolutionProperties) = preSolution
		HideSolutionNode = FALSE
	EndGlobalSection
	GlobalSection(ExtensibilityGlobals) = postSolution
		SolutionGuid = {504A8F2B-57F9-4553-A0F4-BB0856BE3879}
	EndGlobalSection
EndGlobal
